
Microsoft Visual Studio Solution File, Format Version 12.00
# Visual Studio 15
Project("{FAE04EC0-301F-11D3-BF4B-00C04F79EFBC}") = "Assembly-CSharp", "Assembly-CSharp.csproj", "{EA49146B-F3ED-F6E0-F17A-AF4481CCF382}"
EndProject
Project("{FAE04EC0-301F-11D3-BF4B-00C04F79EFBC}") = "Assembly-CSharp-Editor", "Assembly-CSharp-Editor.csproj", "{2CEBD869-1EF3-C2F0-6E62-49374BD2D4B5}"
EndProject
Global
	GlobalSection(SolutionConfigurationPlatforms) = preSolution
		Debug|Any CPU = Debug|Any CPU
		Release|Any CPU = Release|Any CPU
	EndGlobalSection
	GlobalSection(ProjectConfigurationPlatforms) = postSolution
		{EA49146B-F3ED-F6E0-F17A-AF4481CCF382}.Debug|Any CPU.ActiveCfg = Debug|Any CPU
		{EA49146B-F3ED-F6E0-F17A-AF4481CCF382}.Debug|Any CPU.Build.0 = Debug|Any CPU
		{EA49146B-F3ED-F6E0-F17A-AF4481CCF382}.Release|Any CPU.ActiveCfg = Release|Any CPU
		{EA49146B-F3ED-F6E0-F17A-AF4481CCF382}.Release|Any CPU.Build.0 = Release|Any CPU
		{2CEBD869-1EF3-C2F0-6E62-49374BD2D4B5}.Debug|Any CPU.ActiveCfg = Debug|Any CPU
		{2CEBD869-1EF3-C2F0-6E62-49374BD2D4B5}.Debug|Any CPU.Build.0 = Debug|Any CPU
		{2CEBD869-1EF3-C2F0-6E62-49374BD2D4B5}.Release|Any CPU.ActiveCfg = Release|Any CPU
		{2CEBD869-1EF3-C2F0-6E62-49374BD2D4B5}.Release|Any CPU.Build.0 = Release|Any CPU
	EndGlobalSection
	GlobalSection(SolutionProperties) = preSolution
		HideSolutionNode = FALSE
	EndGlobalSection
EndGlobal
